
Microsoft Visual Studio Solution File, Format Version 12.00
# Visual Studio 15
VisualStudioVersion = 15.0.28010.2046
MinimumVisualStudioVersion = 10.0.40219.1
Project("{FAE04EC0-301F-11D3-BF4B-00C04F79EFBC}") = "basicWinForm", "basicWinForm\basicWinForm.csproj", "{745A0BDC-3BEF-4294-B439-16AAF53F3C6A}"
EndProject
Global
	GlobalSection(SolutionConfigurationPlatforms) = preSolution
		Debug|Any CPU = Debug|Any CPU
		Release|Any CPU = Release|Any CPU
	EndGlobalSection
	GlobalSection(ProjectConfigurationPlatforms) = postSolution
		{745A0BDC-3BEF-4294-B439-16AAF53F3C6A}.Debug|Any CPU.ActiveCfg = Debug|Any CPU
		{745A0BDC-3BEF-4294-B439-16AAF53F3C6A}.Debug|Any CPU.Build.0 = Debug|Any CPU
		{745A0BDC-3BEF-4294-B439-16AAF53F3C6A}.Release|Any CPU.ActiveCfg = Release|Any CPU
		{745A0BDC-3BEF-4294-B439-16AAF53F3C6A}.Release|Any CPU.Build.0 = Release|Any CPU
	EndGlobalSection
	GlobalSection(SolutionProperties) = preSolution
		HideSolutionNode = FALSE
	EndGlobalSection
	GlobalSection(ExtensibilityGlobals) = postSolution
		SolutionGuid = {2B4A6976-F0C4-47CD-8CBE-BDD0E3EBA670}
	EndGlobalSection
EndGlobal
